
Microsoft Visual Studio Solution File, Format Version 12.00
# Visual Studio Version 16
VisualStudioVersion = 16.0.31025.194
MinimumVisualStudioVersion = 10.0.40219.1
Project("{888888A0-9F3D-457C-B088-3A5042F75D52}") = "dedupe-examples", "dedupe-examples.pyproj", "{D588098A-74ED-4CC7-A86F-26FF7F60504A}"
EndProject
Global
	GlobalSection(SolutionConfigurationPlatforms) = preSolution
		Debug|Any CPU = Debug|Any CPU
		Release|Any CPU = Release|Any CPU
	EndGlobalSection
	GlobalSection(ProjectConfigurationPlatforms) = postSolution
		{D588098A-74ED-4CC7-A86F-26FF7F60504A}.Debug|Any CPU.ActiveCfg = Debug|Any CPU
		{D588098A-74ED-4CC7-A86F-26FF7F60504A}.Release|Any CPU.ActiveCfg = Release|Any CPU
	EndGlobalSection
	GlobalSection(SolutionProperties) = preSolution
		HideSolutionNode = FALSE
	EndGlobalSection
	GlobalSection(ExtensibilityGlobals) = postSolution
		SolutionGuid = {F7D1E09B-B615-4EAE-AC36-A75F5CECA2B4}
	EndGlobalSection
EndGlobal
